
Microsoft Visual Studio Solution File, Format Version 12.00
# Visual Studio Version 17
VisualStudioVersion = 17.3.32929.385
MinimumVisualStudioVersion = 10.0.40219.1
Project("{FAE04EC0-301F-11D3-BF4B-00C04F79EFBC}") = "HelloWorld", "HelloWorld\HelloWorld.csproj", "{A223FFBF-40B2-471A-9B79-94CC75B86339}"
EndProject
Global
	GlobalSection(SolutionConfigurationPlatforms) = preSolution
		Debug|Any CPU = Debug|Any CPU
		Release|Any CPU = Release|Any CPU
	EndGlobalSection
	GlobalSection(ProjectConfigurationPlatforms) = postSolution
		{A223FFBF-40B2-471A-9B79-94CC75B86339}.Debug|Any CPU.ActiveCfg = Debug|Any CPU
		{A223FFBF-40B2-471A-9B79-94CC75B86339}.Debug|Any CPU.Build.0 = Debug|Any CPU
		{A223FFBF-40B2-471A-9B79-94CC75B86339}.Release|Any CPU.ActiveCfg = Release|Any CPU
		{A223FFBF-40B2-471A-9B79-94CC75B86339}.Release|Any CPU.Build.0 = Release|Any CPU
	EndGlobalSection
	GlobalSection(SolutionProperties) = preSolution
		HideSolutionNode = FALSE
	EndGlobalSection
	GlobalSection(ExtensibilityGlobals) = postSolution
		SolutionGuid = {BADB05CA-6689-4F6A-964A-4D7B2737CDAA}
	EndGlobalSection
EndGlobal
